
Microsoft Visual Studio Solution File, Format Version 12.00
# Visual Studio 2013
VisualStudioVersion = 12.0.21005.1
MinimumVisualStudioVersion = 10.0.40219.1
Project("{FAE04EC0-301F-11D3-BF4B-00C04F79EFBC}") = "Uhuru.Openshift.Cmdlets", "Uhuru.Openshift.Cmdlets\Uhuru.Openshift.Cmdlets.csproj", "{164C85D3-7F57-4937-9EEC-4C0A47C24745}"
EndProject
Project("{FAE04EC0-301F-11D3-BF4B-00C04F79EFBC}") = "Uhuru.Openshift.Common", "Uhuru.Openshift.Common\Uhuru.Openshift.Common.csproj", "{D10A5A01-7A90-4C28-9C76-E2C5213592C9}"
EndProject
Project("{FAE04EC0-301F-11D3-BF4B-00C04F79EFBC}") = "Uhuru.Openshift.Tests", "Uhuru.Openshift.Tests\Uhuru.Openshift.Tests.csproj", "{714A39AD-F1B1-4062-B67D-2B4CA1F5C3EB}"
EndProject
Project("{FAE04EC0-301F-11D3-BF4B-00C04F79EFBC}") = "Uhuru.Openshift.Node", "Uhuru.Openshift.Node\Uhuru.Openshift.Node.csproj", "{C69F8537-81E8-45DF-846B-508DA2AD1B0E}"
	ProjectSection(ProjectDependencies) = postProject
		{B9C02CB5-33CE-479A-9A16-78F67A66BF80} = {B9C02CB5-33CE-479A-9A16-78F67A66BF80}
	EndProjectSection
EndProject
Project("{F5034706-568F-408A-B7B3-4D38C6DB8A32}") = "Uhuru.PowerShell", "Uhuru.PowerShell\Uhuru.PowerShell.pssproj", "{6CAFC0C6-A428-4D30-A9F9-700E829FEA51}"
EndProject
Project("{FAE04EC0-301F-11D3-BF4B-00C04F79EFBC}") = "Uhuru.Openshift.Utilities", "Uhuru.Openshift.Utilities\Uhuru.Openshift.Utilities.csproj", "{38966805-0431-42D3-B5FF-51202DBCD5CD}"
EndProject
Project("{FAE04EC0-301F-11D3-BF4B-00C04F79EFBC}") = "Uhuru.OpenShift.TrapUser", "Uhuru.OpenShift.TrapUser\Uhuru.OpenShift.TrapUser.csproj", "{D3949F75-D14C-411D-B4DC-FE4F2783160B}"
EndProject
Project("{2150E333-8FDC-42A3-9474-1A3956D46DE8}") = ".nuget", ".nuget", "{74CC72FB-08DD-44B3-99CE-E45C91CCDA26}"
	ProjectSection(SolutionItems) = preProject
		.nuget\packages.config = .nuget\packages.config
	EndProjectSection
EndProject
Project("{2150E333-8FDC-42A3-9474-1A3956D46DE8}") = "Prison", "Prison", "{D4626A91-35DA-4DE3-89DB-DE6D838E89D6}"
EndProject
Project("{FAE04EC0-301F-11D3-BF4B-00C04F79EFBC}") = "Uhuru.Openshift.MsSQLSysGenerator", "Uhuru.OpenShift.MsSQLSysGenerator\Uhuru.Openshift.MsSQLSysGenerator.csproj", "{300C20C7-D0ED-4DB5-A40B-16D2E232ADD5}"
EndProject
Project("{8BC9CEB8-8B4A-11D0-8D11-00A0C91BC942}") = "Uhuru.Prison.Guard", "windows-isolation\src\Uhuru.Prison.Guard\Uhuru.Prison.Guard.vcxproj", "{9B3D3029-488D-49F1-A4C1-FFF256196455}"
EndProject
Project("{FAE04EC0-301F-11D3-BF4B-00C04F79EFBC}") = "Uhuru.Prison", "windows-isolation\src\Uhuru.Prison\Uhuru.Prison.csproj", "{B9C02CB5-33CE-479A-9A16-78F67A66BF80}"
	ProjectSection(ProjectDependencies) = postProject
		{9B3D3029-488D-49F1-A4C1-FFF256196455} = {9B3D3029-488D-49F1-A4C1-FFF256196455}
	EndProjectSection
EndProject
Project("{FAE04EC0-301F-11D3-BF4B-00C04F79EFBC}") = "Uhuru.Openshift.OOCmd", "Uhuru.Openshift.OOCmd\Uhuru.Openshift.OOCmd.csproj", "{E2F305D5-6DE3-4CA7-A3EE-17C047BF924A}"
EndProject
Project("{FAE04EC0-301F-11D3-BF4B-00C04F79EFBC}") = "Uhuru.Openshift.Common.OODiagnostics", "Uhuru.Openshift.Common.OODiagnostics\Uhuru.Openshift.Common.OODiagnostics.csproj", "{4910F0D2-EA32-462A-8BBF-F514304CE5FD}"
EndProject
Project("{FAE04EC0-301F-11D3-BF4B-00C04F79EFBC}") = "Uhuru.Prison.ChangeSession", "windows-isolation\src\Uhuru.Prison.ChangeSession\Uhuru.Prison.ChangeSession.csproj", "{55E28C63-13A1-49FE-933E-F71A8C1F9E47}"
EndProject
Global
	GlobalSection(SolutionConfigurationPlatforms) = preSolution
		Debug|Any CPU = Debug|Any CPU
		Debug|Mixed Platforms = Debug|Mixed Platforms
		Debug|x64 = Debug|x64
		Release|Any CPU = Release|Any CPU
		Release|Mixed Platforms = Release|Mixed Platforms
		Release|x64 = Release|x64
	EndGlobalSection
	GlobalSection(ProjectConfigurationPlatforms) = postSolution
		{164C85D3-7F57-4937-9EEC-4C0A47C24745}.Debug|Any CPU.ActiveCfg = Debug|Any CPU
		{164C85D3-7F57-4937-9EEC-4C0A47C24745}.Debug|Any CPU.Build.0 = Debug|Any CPU
		{164C85D3-7F57-4937-9EEC-4C0A47C24745}.Debug|Mixed Platforms.ActiveCfg = Debug|Any CPU
		{164C85D3-7F57-4937-9EEC-4C0A47C24745}.Debug|Mixed Platforms.Build.0 = Debug|Any CPU
		{164C85D3-7F57-4937-9EEC-4C0A47C24745}.Debug|x64.ActiveCfg = Debug|x64
		{164C85D3-7F57-4937-9EEC-4C0A47C24745}.Debug|x64.Build.0 = Debug|x64
		{164C85D3-7F57-4937-9EEC-4C0A47C24745}.Release|Any CPU.ActiveCfg = Release|Any CPU
		{164C85D3-7F57-4937-9EEC-4C0A47C24745}.Release|Any CPU.Build.0 = Release|Any CPU
		{164C85D3-7F57-4937-9EEC-4C0A47C24745}.Release|Mixed Platforms.ActiveCfg = Release|Any CPU
		{164C85D3-7F57-4937-9EEC-4C0A47C24745}.Release|Mixed Platforms.Build.0 = Release|Any CPU
		{164C85D3-7F57-4937-9EEC-4C0A47C24745}.Release|x64.ActiveCfg = Release|x64
		{164C85D3-7F57-4937-9EEC-4C0A47C24745}.Release|x64.Build.0 = Release|x64
		{D10A5A01-7A90-4C28-9C76-E2C5213592C9}.Debug|Any CPU.ActiveCfg = Debug|Any CPU
		{D10A5A01-7A90-4C28-9C76-E2C5213592C9}.Debug|Any CPU.Build.0 = Debug|Any CPU
		{D10A5A01-7A90-4C28-9C76-E2C5213592C9}.Debug|Mixed Platforms.ActiveCfg = Debug|Any CPU
		{D10A5A01-7A90-4C28-9C76-E2C5213592C9}.Debug|Mixed Platforms.Build.0 = Debug|Any CPU
		{D10A5A01-7A90-4C28-9C76-E2C5213592C9}.Debug|x64.ActiveCfg = Debug|x64
		{D10A5A01-7A90-4C28-9C76-E2C5213592C9}.Debug|x64.Build.0 = Debug|x64
		{D10A5A01-7A90-4C28-9C76-E2C5213592C9}.Release|Any CPU.ActiveCfg = Release|Any CPU
		{D10A5A01-7A90-4C28-9C76-E2C5213592C9}.Release|Any CPU.Build.0 = Release|Any CPU
		{D10A5A01-7A90-4C28-9C76-E2C5213592C9}.Release|Mixed Platforms.ActiveCfg = Release|Any CPU
		{D10A5A01-7A90-4C28-9C76-E2C5213592C9}.Release|Mixed Platforms.Build.0 = Release|Any CPU
		{D10A5A01-7A90-4C28-9C76-E2C5213592C9}.Release|x64.ActiveCfg = Release|x64
		{D10A5A01-7A90-4C28-9C76-E2C5213592C9}.Release|x64.Build.0 = Release|x64
		{714A39AD-F1B1-4062-B67D-2B4CA1F5C3EB}.Debug|Any CPU.ActiveCfg = Debug|Any CPU
		{714A39AD-F1B1-4062-B67D-2B4CA1F5C3EB}.Debug|Mixed Platforms.ActiveCfg = Debug|Any CPU
		{714A39AD-F1B1-4062-B67D-2B4CA1F5C3EB}.Debug|x64.ActiveCfg = Debug|Any CPU
		{714A39AD-F1B1-4062-B67D-2B4CA1F5C3EB}.Debug|x64.Build.0 = Debug|Any CPU
		{714A39AD-F1B1-4062-B67D-2B4CA1F5C3EB}.Release|Any CPU.ActiveCfg = Release|Any CPU
		{714A39AD-F1B1-4062-B67D-2B4CA1F5C3EB}.Release|Mixed Platforms.ActiveCfg = Release|Any CPU
		{714A39AD-F1B1-4062-B67D-2B4CA1F5C3EB}.Release|x64.ActiveCfg = Release|x64
		{714A39AD-F1B1-4062-B67D-2B4CA1F5C3EB}.Release|x64.Build.0 = Release|x64
		{C69F8537-81E8-45DF-846B-508DA2AD1B0E}.Debug|Any CPU.ActiveCfg = Debug|Any CPU
		{C69F8537-81E8-45DF-846B-508DA2AD1B0E}.Debug|Any CPU.Build.0 = Debug|Any CPU
		{C69F8537-81E8-45DF-846B-508DA2AD1B0E}.Debug|Mixed Platforms.ActiveCfg = Debug|Any CPU
		{C69F8537-81E8-45DF-846B-508DA2AD1B0E}.Debug|Mixed Platforms.Build.0 = Debug|Any CPU
		{C69F8537-81E8-45DF-846B-508DA2AD1B0E}.Debug|x64.ActiveCfg = Debug|x64
		{C69F8537-81E8-45DF-846B-508DA2AD1B0E}.Debug|x64.Build.0 = Debug|x64
		{C69F8537-81E8-45DF-846B-508DA2AD1B0E}.Release|Any CPU.ActiveCfg = Release|Any CPU
		{C69F8537-81E8-45DF-846B-508DA2AD1B0E}.Release|Any CPU.Build.0 = Release|Any CPU
		{C69F8537-81E8-45DF-846B-508DA2AD1B0E}.Release|Mixed Platforms.ActiveCfg = Release|Any CPU
		{C69F8537-81E8-45DF-846B-508DA2AD1B0E}.Release|Mixed Platforms.Build.0 = Release|Any CPU
		{C69F8537-81E8-45DF-846B-508DA2AD1B0E}.Release|x64.ActiveCfg = Release|x64
		{C69F8537-81E8-45DF-846B-508DA2AD1B0E}.Release|x64.Build.0 = Release|x64
		{6CAFC0C6-A428-4D30-A9F9-700E829FEA51}.Debug|Any CPU.ActiveCfg = Debug|Any CPU
		{6CAFC0C6-A428-4D30-A9F9-700E829FEA51}.Debug|Any CPU.Build.0 = Debug|Any CPU
		{6CAFC0C6-A428-4D30-A9F9-700E829FEA51}.Debug|Mixed Platforms.ActiveCfg = Debug|Any CPU
		{6CAFC0C6-A428-4D30-A9F9-700E829FEA51}.Debug|Mixed Platforms.Build.0 = Debug|Any CPU
		{6CAFC0C6-A428-4D30-A9F9-700E829FEA51}.Debug|x64.ActiveCfg = Debug|Any CPU
		{6CAFC0C6-A428-4D30-A9F9-700E829FEA51}.Debug|x64.Build.0 = Debug|Any CPU
		{6CAFC0C6-A428-4D30-A9F9-700E829FEA51}.Release|Any CPU.ActiveCfg = Release|Any CPU
		{6CAFC0C6-A428-4D30-A9F9-700E829FEA51}.Release|Any CPU.Build.0 = Release|Any CPU
		{6CAFC0C6-A428-4D30-A9F9-700E829FEA51}.Release|Mixed Platforms.ActiveCfg = Release|Any CPU
		{6CAFC0C6-A428-4D30-A9F9-700E829FEA51}.Release|Mixed Platforms.Build.0 = Release|Any CPU
		{6CAFC0C6-A428-4D30-A9F9-700E829FEA51}.Release|x64.ActiveCfg = Release|Any CPU
		{6CAFC0C6-A428-4D30-A9F9-700E829FEA51}.Release|x64.Build.0 = Release|Any CPU
		{38966805-0431-42D3-B5FF-51202DBCD5CD}.Debug|Any CPU.ActiveCfg = Debug|Any CPU
		{38966805-0431-42D3-B5FF-51202DBCD5CD}.Debug|Any CPU.Build.0 = Debug|Any CPU
		{38966805-0431-42D3-B5FF-51202DBCD5CD}.Debug|Mixed Platforms.ActiveCfg = Debug|Any CPU
		{38966805-0431-42D3-B5FF-51202DBCD5CD}.Debug|Mixed Platforms.Build.0 = Debug|Any CPU
		{38966805-0431-42D3-B5FF-51202DBCD5CD}.Debug|x64.ActiveCfg = Debug|x64
		{38966805-0431-42D3-B5FF-51202DBCD5CD}.Debug|x64.Build.0 = Debug|x64
		{38966805-0431-42D3-B5FF-51202DBCD5CD}.Release|Any CPU.ActiveCfg = Release|Any CPU
		{38966805-0431-42D3-B5FF-51202DBCD5CD}.Release|Any CPU.Build.0 = Release|Any CPU
		{38966805-0431-42D3-B5FF-51202DBCD5CD}.Release|Mixed Platforms.ActiveCfg = Release|Any CPU
		{38966805-0431-42D3-B5FF-51202DBCD5CD}.Release|Mixed Platforms.Build.0 = Release|Any CPU
		{38966805-0431-42D3-B5FF-51202DBCD5CD}.Release|x64.ActiveCfg = Release|x64
		{38966805-0431-42D3-B5FF-51202DBCD5CD}.Release|x64.Build.0 = Release|x64
		{D3949F75-D14C-411D-B4DC-FE4F2783160B}.Debug|Any CPU.ActiveCfg = Debug|Any CPU
		{D3949F75-D14C-411D-B4DC-FE4F2783160B}.Debug|Any CPU.Build.0 = Debug|Any CPU
		{D3949F75-D14C-411D-B4DC-FE4F2783160B}.Debug|Mixed Platforms.ActiveCfg = Debug|Any CPU
		{D3949F75-D14C-411D-B4DC-FE4F2783160B}.Debug|Mixed Platforms.Build.0 = Debug|Any CPU
		{D3949F75-D14C-411D-B4DC-FE4F2783160B}.Debug|x64.ActiveCfg = Debug|x64
		{D3949F75-D14C-411D-B4DC-FE4F2783160B}.Debug|x64.Build.0 = Debug|x64
		{D3949F75-D14C-411D-B4DC-FE4F2783160B}.Release|Any CPU.ActiveCfg = Release|Any CPU
		{D3949F75-D14C-411D-B4DC-FE4F2783160B}.Release|Any CPU.Build.0 = Release|Any CPU
		{D3949F75-D14C-411D-B4DC-FE4F2783160B}.Release|Mixed Platforms.ActiveCfg = Release|Any CPU
		{D3949F75-D14C-411D-B4DC-FE4F2783160B}.Release|Mixed Platforms.Build.0 = Release|Any CPU
		{D3949F75-D14C-411D-B4DC-FE4F2783160B}.Release|x64.ActiveCfg = Release|x64
		{D3949F75-D14C-411D-B4DC-FE4F2783160B}.Release|x64.Build.0 = Release|x64
		{300C20C7-D0ED-4DB5-A40B-16D2E232ADD5}.Debug|Any CPU.ActiveCfg = Debug|Any CPU
		{300C20C7-D0ED-4DB5-A40B-16D2E232ADD5}.Debug|Any CPU.Build.0 = Debug|Any CPU
		{300C20C7-D0ED-4DB5-A40B-16D2E232ADD5}.Debug|Mixed Platforms.ActiveCfg = Debug|Any CPU
		{300C20C7-D0ED-4DB5-A40B-16D2E232ADD5}.Debug|Mixed Platforms.Build.0 = Debug|Any CPU
		{300C20C7-D0ED-4DB5-A40B-16D2E232ADD5}.Debug|x64.ActiveCfg = Debug|x64
		{300C20C7-D0ED-4DB5-A40B-16D2E232ADD5}.Debug|x64.Build.0 = Debug|x64
		{300C20C7-D0ED-4DB5-A40B-16D2E232ADD5}.Release|Any CPU.ActiveCfg = Release|Any CPU
		{300C20C7-D0ED-4DB5-A40B-16D2E232ADD5}.Release|Any CPU.Build.0 = Release|Any CPU
		{300C20C7-D0ED-4DB5-A40B-16D2E232ADD5}.Release|Mixed Platforms.ActiveCfg = Release|Any CPU
		{300C20C7-D0ED-4DB5-A40B-16D2E232ADD5}.Release|Mixed Platforms.Build.0 = Release|Any CPU
		{300C20C7-D0ED-4DB5-A40B-16D2E232ADD5}.Release|x64.ActiveCfg = Release|x64
		{300C20C7-D0ED-4DB5-A40B-16D2E232ADD5}.Release|x64.Build.0 = Release|x64
		{9B3D3029-488D-49F1-A4C1-FFF256196455}.Debug|Any CPU.ActiveCfg = Debug|Win32
		{9B3D3029-488D-49F1-A4C1-FFF256196455}.Debug|Mixed Platforms.ActiveCfg = Debug|Win32
		{9B3D3029-488D-49F1-A4C1-FFF256196455}.Debug|Mixed Platforms.Build.0 = Debug|Win32
		{9B3D3029-488D-49F1-A4C1-FFF256196455}.Debug|x64.ActiveCfg = Debug|x64
		{9B3D3029-488D-49F1-A4C1-FFF256196455}.Debug|x64.Build.0 = Debug|x64
		{9B3D3029-488D-49F1-A4C1-FFF256196455}.Release|Any CPU.ActiveCfg = Release|Win32
		{9B3D3029-488D-49F1-A4C1-FFF256196455}.Release|Mixed Platforms.ActiveCfg = Release|Win32
		{9B3D3029-488D-49F1-A4C1-FFF256196455}.Release|Mixed Platforms.Build.0 = Release|Win32
		{9B3D3029-488D-49F1-A4C1-FFF256196455}.Release|x64.ActiveCfg = Release|x64
		{9B3D3029-488D-49F1-A4C1-FFF256196455}.Release|x64.Build.0 = Release|x64
		{B9C02CB5-33CE-479A-9A16-78F67A66BF80}.Debug|Any CPU.ActiveCfg = Debug|Any CPU
		{B9C02CB5-33CE-479A-9A16-78F67A66BF80}.Debug|Any CPU.Build.0 = Debug|Any CPU
		{B9C02CB5-33CE-479A-9A16-78F67A66BF80}.Debug|Mixed Platforms.ActiveCfg = Debug|Any CPU
		{B9C02CB5-33CE-479A-9A16-78F67A66BF80}.Debug|Mixed Platforms.Build.0 = Debug|Any CPU
		{B9C02CB5-33CE-479A-9A16-78F67A66BF80}.Debug|x64.ActiveCfg = Debug|x64
		{B9C02CB5-33CE-479A-9A16-78F67A66BF80}.Debug|x64.Build.0 = Debug|x64
		{B9C02CB5-33CE-479A-9A16-78F67A66BF80}.Release|Any CPU.ActiveCfg = Release|Any CPU
		{B9C02CB5-33CE-479A-9A16-78F67A66BF80}.Release|Any CPU.Build.0 = Release|Any CPU
		{B9C02CB5-33CE-479A-9A16-78F67A66BF80}.Release|Mixed Platforms.ActiveCfg = Release|Any CPU
		{B9C02CB5-33CE-479A-9A16-78F67A66BF80}.Release|Mixed Platforms.Build.0 = Release|Any CPU
		{B9C02CB5-33CE-479A-9A16-78F67A66BF80}.Release|x64.ActiveCfg = Release|x64
		{B9C02CB5-33CE-479A-9A16-78F67A66BF80}.Release|x64.Build.0 = Release|x64
		{E2F305D5-6DE3-4CA7-A3EE-17C047BF924A}.Debug|Any CPU.ActiveCfg = Debug|Any CPU
		{E2F305D5-6DE3-4CA7-A3EE-17C047BF924A}.Debug|Any CPU.Build.0 = Debug|Any CPU
		{E2F305D5-6DE3-4CA7-A3EE-17C047BF924A}.Debug|Mixed Platforms.ActiveCfg = Debug|Any CPU
		{E2F305D5-6DE3-4CA7-A3EE-17C047BF924A}.Debug|Mixed Platforms.Build.0 = Debug|Any CPU
		{E2F305D5-6DE3-4CA7-A3EE-17C047BF924A}.Debug|x64.ActiveCfg = Debug|x64
		{E2F305D5-6DE3-4CA7-A3EE-17C047BF924A}.Debug|x64.Build.0 = Debug|x64
		{E2F305D5-6DE3-4CA7-A3EE-17C047BF924A}.Release|Any CPU.ActiveCfg = Release|Any CPU
		{E2F305D5-6DE3-4CA7-A3EE-17C047BF924A}.Release|Any CPU.Build.0 = Release|Any CPU
		{E2F305D5-6DE3-4CA7-A3EE-17C047BF924A}.Release|Mixed Platforms.ActiveCfg = Release|Any CPU
		{E2F305D5-6DE3-4CA7-A3EE-17C047BF924A}.Release|Mixed Platforms.Build.0 = Release|Any CPU
		{E2F305D5-6DE3-4CA7-A3EE-17C047BF924A}.Release|x64.ActiveCfg = Release|x64
		{E2F305D5-6DE3-4CA7-A3EE-17C047BF924A}.Release|x64.Build.0 = Release|x64
		{4910F0D2-EA32-462A-8BBF-F514304CE5FD}.Debug|Any CPU.ActiveCfg = Debug|x64
		{4910F0D2-EA32-462A-8BBF-F514304CE5FD}.Debug|Mixed Platforms.ActiveCfg = Debug|x64
		{4910F0D2-EA32-462A-8BBF-F514304CE5FD}.Debug|Mixed Platforms.Build.0 = Debug|x64
		{4910F0D2-EA32-462A-8BBF-F514304CE5FD}.Debug|x64.ActiveCfg = Debug|x64
		{4910F0D2-EA32-462A-8BBF-F514304CE5FD}.Debug|x64.Build.0 = Debug|x64
		{4910F0D2-EA32-462A-8BBF-F514304CE5FD}.Release|Any CPU.ActiveCfg = Release|x64
		{4910F0D2-EA32-462A-8BBF-F514304CE5FD}.Release|Mixed Platforms.ActiveCfg = Release|x64
		{4910F0D2-EA32-462A-8BBF-F514304CE5FD}.Release|Mixed Platforms.Build.0 = Release|x64
		{4910F0D2-EA32-462A-8BBF-F514304CE5FD}.Release|x64.ActiveCfg = Release|x64
		{4910F0D2-EA32-462A-8BBF-F514304CE5FD}.Release|x64.Build.0 = Release|x64
		{55E28C63-13A1-49FE-933E-F71A8C1F9E47}.Debug|Any CPU.ActiveCfg = Debug|Any CPU
		{55E28C63-13A1-49FE-933E-F71A8C1F9E47}.Debug|Any CPU.Build.0 = Debug|Any CPU
		{55E28C63-13A1-49FE-933E-F71A8C1F9E47}.Debug|Mixed Platforms.ActiveCfg = Debug|Any CPU
		{55E28C63-13A1-49FE-933E-F71A8C1F9E47}.Debug|Mixed Platforms.Build.0 = Debug|Any CPU
		{55E28C63-13A1-49FE-933E-F71A8C1F9E47}.Debug|x64.ActiveCfg = Debug|x64
		{55E28C63-13A1-49FE-933E-F71A8C1F9E47}.Debug|x64.Build.0 = Debug|x64
		{55E28C63-13A1-49FE-933E-F71A8C1F9E47}.Release|Any CPU.ActiveCfg = Release|Any CPU
		{55E28C63-13A1-49FE-933E-F71A8C1F9E47}.Release|Any CPU.Build.0 = Release|Any CPU
		{55E28C63-13A1-49FE-933E-F71A8C1F9E47}.Release|Mixed Platforms.ActiveCfg = Release|Any CPU
		{55E28C63-13A1-49FE-933E-F71A8C1F9E47}.Release|Mixed Platforms.Build.0 = Release|Any CPU
		{55E28C63-13A1-49FE-933E-F71A8C1F9E47}.Release|x64.ActiveCfg = Release|x64
		{55E28C63-13A1-49FE-933E-F71A8C1F9E47}.Release|x64.Build.0 = Release|x64
	EndGlobalSection
	GlobalSection(SolutionProperties) = preSolution
		HideSolutionNode = FALSE
	EndGlobalSection
	GlobalSection(NestedProjects) = preSolution
		{9B3D3029-488D-49F1-A4C1-FFF256196455} = {D4626A91-35DA-4DE3-89DB-DE6D838E89D6}
		{B9C02CB5-33CE-479A-9A16-78F67A66BF80} = {D4626A91-35DA-4DE3-89DB-DE6D838E89D6}
		{55E28C63-13A1-49FE-933E-F71A8C1F9E47} = {D4626A91-35DA-4DE3-89DB-DE6D838E89D6}
	EndGlobalSection
EndGlobal
